
Microsoft Visual Studio Solution File, Format Version 12.00
# Visual Studio Version 17
VisualStudioVersion = 17.14.37216.2
MinimumVisualStudioVersion = 10.0.40219.1
Project("{FAE04EC0-301F-11D3-BF4B-00C04F79EFBC}") = "ClickHelper", "ClickHelper.csproj", "{68DB3DA1-0716-4271-F798-9864B844476A}"
EndProject
Global
	GlobalSection(SolutionConfigurationPlatforms) = preSolution
		Debug|Any CPU = Debug|Any CPU
		Debug|x64 = Debug|x64
		Release|Any CPU = Release|Any CPU
		Release|x64 = Release|x64
	EndGlobalSection
	GlobalSection(ProjectConfigurationPlatforms) = postSolution
		{68DB3DA1-0716-4271-F798-9864B844476A}.Debug|Any CPU.ActiveCfg = Debug|Any CPU
		{68DB3DA1-0716-4271-F798-9864B844476A}.Debug|Any CPU.Build.0 = Debug|Any CPU
		{68DB3DA1-0716-4271-F798-9864B844476A}.Debug|x64.ActiveCfg = Debug|x64
		{68DB3DA1-0716-4271-F798-9864B844476A}.Debug|x64.Build.0 = Debug|x64
		{68DB3DA1-0716-4271-F798-9864B844476A}.Release|Any CPU.ActiveCfg = Release|Any CPU
		{68DB3DA1-0716-4271-F798-9864B844476A}.Release|Any CPU.Build.0 = Release|Any CPU
		{68DB3DA1-0716-4271-F798-9864B844476A}.Release|x64.ActiveCfg = Release|x64
		{68DB3DA1-0716-4271-F798-9864B844476A}.Release|x64.Build.0 = Release|x64
	EndGlobalSection
	GlobalSection(SolutionProperties) = preSolution
		HideSolutionNode = FALSE
	EndGlobalSection
	GlobalSection(ExtensibilityGlobals) = postSolution
		SolutionGuid = {45B5BC3E-7776-425A-8B21-C113AEE82F6E}
	EndGlobalSection
EndGlobal
